
Microsoft Visual Studio Solution File, Format Version 12.00
# Visual Studio Version 17
VisualStudioVersion = 17.6.33829.357
MinimumVisualStudioVersion = 10.0.40219.1
Project("{FAE04EC0-301F-11D3-BF4B-00C04F79EFBC}") = "emailer_winforms", "emailer_winforms.csproj", "{EF178EA1-9366-4EA5-ADAA-A525F25CDAE5}"
EndProject
Global
	GlobalSection(SolutionConfigurationPlatforms) = preSolution
		Debug|Any CPU = Debug|Any CPU
		Release|Any CPU = Release|Any CPU
	EndGlobalSection
	GlobalSection(ProjectConfigurationPlatforms) = postSolution
		{EF178EA1-9366-4EA5-ADAA-A525F25CDAE5}.Debug|Any CPU.ActiveCfg = Debug|Any CPU
		{EF178EA1-9366-4EA5-ADAA-A525F25CDAE5}.Debug|Any CPU.Build.0 = Debug|Any CPU
		{EF178EA1-9366-4EA5-ADAA-A525F25CDAE5}.Release|Any CPU.ActiveCfg = Release|Any CPU
		{EF178EA1-9366-4EA5-ADAA-A525F25CDAE5}.Release|Any CPU.Build.0 = Release|Any CPU
	EndGlobalSection
	GlobalSection(SolutionProperties) = preSolution
		HideSolutionNode = FALSE
	EndGlobalSection
	GlobalSection(ExtensibilityGlobals) = postSolution
		SolutionGuid = {14A6710A-B8A1-4F98-927F-9CD6F10EE4F2}
	EndGlobalSection
EndGlobal
